# THIS IS AN AUTOGENERATED FILE. DO NOT EDIT THIS FILE DIRECTLY.
# yarn lockfile v1


coc-css@>=1.3.0:
  version "1.3.0"
  resolved "https://registry.yarnpkg.com/coc-css/-/coc-css-1.3.0.tgz#9fb85490b203dd1d3960d4cadc29b8b97178ef3f"
  integrity sha512-adpUCwj1sFK+6RFXVDUYZe3oC+I1dre4XoWVZY7H05Fn7r7sa5QbpQ/F+kIce2sveQbsVoLTR7mfr18wH7Ru+w==

coc-go@>=1.3.0:
  version "1.3.0"
  resolved "https://registry.yarnpkg.com/coc-go/-/coc-go-1.3.0.tgz#51af28d0e8ff4f97efe1f8491c8c2ad3f6d344da"
  integrity sha512-Oh3ea/gb0lU5qZN1qaQMAQhxscrgcYfB3ZuRWxi+tMLCjoi8gJg/g05C5zD6hfbgmhC1PsL7jPeWSe5F4MifLg==
  dependencies:
    tslib "^2.3.1"
    vscode-languageserver-textdocument "^1.0.4"
    vscode-uri "^3.0.3"
    which "^2.0.2"

coc-html@>=1.6.1:
  version "1.7.0"
  resolved "https://registry.yarnpkg.com/coc-html/-/coc-html-1.7.0.tgz#de4a312ba8d7f20322a6bfac3ec3352de682e270"
  integrity sha512-ywRthVmeX9gI1lAORorS8MjNiqfSi9mMNRRwTWe6b+GyzriabMhyCej+RNhHV1gcPNRLqlhy+j3ncHv+m5seKg==
  dependencies:
    typescript "^4.3"

coc-jest@>=1.1.4:
  version "1.1.5"
  resolved "https://registry.yarnpkg.com/coc-jest/-/coc-jest-1.1.5.tgz#e320e7cdd65e3cfca102a054b5bceacdc537a7f4"
  integrity sha512-H6j4hqmsF2b4hSfGQqaXeCahs3LnyYQc6vbtrSkuMQRdosh0gcZQx186kbxph8/5Mecw22Y9BGcsEaF2/RLEbw==

coc-json@>=1.4.1:
  version "1.6.1"
  resolved "https://registry.yarnpkg.com/coc-json/-/coc-json-1.6.1.tgz#0e8c791a068cea6efdbc20404ae356faefe17573"
  integrity sha512-qRDwaa4PZUb7q0N/oGoUrhKeo+5A9haYggOkUjx3SMPMWh2Pxsck5eftZzyUgLZDh/fabrYP7kBYE9+n7u4gnw==

coc-pairs@>=1.3.2:
  version "1.3.2"
  resolved "https://registry.yarnpkg.com/coc-pairs/-/coc-pairs-1.3.2.tgz#10db5fa45ccbe4e64c195443190d724e4c3e3d81"
  integrity sha512-dinOWxcKvSghIEyRHy0vfjIUturfX1HiRHZ+vyInHXP3lXFq1SQF3B9RzwHj1eXjfmqKMDVsgwjAftAx8j8Rbw==

coc-python@>=1.2.13:
  version "1.2.13"
  resolved "https://registry.yarnpkg.com/coc-python/-/coc-python-1.2.13.tgz#74c5b9d3413a13310027f93578915bac33692c62"
  integrity sha512-thsXkbwwJMpiGa/1GiPvFnbWtC5K8QcZvcUtoc4lU8Hf38LbywK5qRp6M7tOAabJOq5dYcIYYbPZWzGwhoZEiw==

coc-rust-analyzer@>=0.62.0:
  version "0.68.4"
  resolved "https://registry.yarnpkg.com/coc-rust-analyzer/-/coc-rust-analyzer-0.68.4.tgz#9b059e47543a10f24862e7ef235bd922c0660111"
  integrity sha512-90PFsmwheDgytlzH65RGjnTFCVzMhfmvjOCj0VkgnuAEuiBbccMPQv/cuzS5Mbj6e74NWG5FI4QHRukEgsZdPA==

coc-tsserver@>=1.10.1:
  version "1.11.11"
  resolved "https://registry.yarnpkg.com/coc-tsserver/-/coc-tsserver-1.11.11.tgz#66e7bca46c0bec63601e10005da92f89c6329d73"
  integrity sha512-gg8muOoV54D4IawMSGIVgLGevyMD6K0U8TYc4xFMjZt9bvuv5fkeLXxxH+yAfmtFXVmFWSrCAff1gPibnIPOvw==
  dependencies:
    typescript "^4.8.3"

coc-yaml@>=1.7.5:
  version "1.8.0"
  resolved "https://registry.yarnpkg.com/coc-yaml/-/coc-yaml-1.8.0.tgz#07967894819053738901ddb0f957a9d18dc96459"
  integrity sha512-ttTi8SSoFPcKOWgY7H7E91zOYcycfsZdvA7jmZJOr+iWYGqR2LdvMvBpWpuV7oWSOF5a88zM/vb8P8aNefE04Q==
  dependencies:
    prettier "2.0.5"

isexe@^2.0.0:
  version "2.0.0"
  resolved "https://registry.yarnpkg.com/isexe/-/isexe-2.0.0.tgz#e8fbf374dc556ff8947a10dcb0572d633f2cfa10"
  integrity sha512-RHxMLp9lnKHGHRng9QFhRCMbYAcVpn69smSGcq3f36xjgVVWThj4qqLbTLlq7Ssj8B+fIQ1EuCEGI2lKsyQeIw==

prettier@2.0.5:
  version "2.0.5"
  resolved "https://registry.yarnpkg.com/prettier/-/prettier-2.0.5.tgz#d6d56282455243f2f92cc1716692c08aa31522d4"
  integrity sha512-7PtVymN48hGcO4fGjybyBSIWDsLU4H4XlvOHfq91pz9kkGlonzwTfYkaIEwiRg/dAJF9YlbsduBAgtYLi+8cFg==

tslib@^2.3.1:
  version "2.4.0"
  resolved "https://registry.yarnpkg.com/tslib/-/tslib-2.4.0.tgz#7cecaa7f073ce680a05847aa77be941098f36dc3"
  integrity sha512-d6xOpEDfsi2CZVlPQzGeux8XMwLT9hssAsaPYExaQMuYskwb+x1x7J371tWlbBdWHroy99KnVB6qIkUbs5X3UQ==

typescript@^4.3:
  version "4.8.4"
  resolved "https://registry.yarnpkg.com/typescript/-/typescript-4.8.4.tgz#c464abca159669597be5f96b8943500b238e60e6"
  integrity sha512-QCh+85mCy+h0IGff8r5XWzOVSbBO+KfeYrMQh7NJ58QujwcE22u+NUSmUxqF+un70P9GXKxa2HCNiTTMJknyjQ==

typescript@^4.8.3:
  version "4.8.3"
  resolved "https://registry.yarnpkg.com/typescript/-/typescript-4.8.3.tgz#d59344522c4bc464a65a730ac695007fdb66dd88"
  integrity sha512-goMHfm00nWPa8UvR/CPSvykqf6dVV8x/dp0c5mFTMTIu0u0FlGWRioyy7Nn0PGAdHxpJZnuO/ut+PpQ8UiHAig==

vscode-languageserver-textdocument@^1.0.4:
  version "1.0.7"
  resolved "https://registry.yarnpkg.com/vscode-languageserver-textdocument/-/vscode-languageserver-textdocument-1.0.7.tgz#16df468d5c2606103c90554ae05f9f3d335b771b"
  integrity sha512-bFJH7UQxlXT8kKeyiyu41r22jCZXG8kuuVVA33OEJn1diWOZK5n8zBSPZFHVBOu8kXZ6h0LIRhf5UnCo61J4Hg==

vscode-uri@^3.0.3:
  version "3.0.6"
  resolved "https://registry.yarnpkg.com/vscode-uri/-/vscode-uri-3.0.6.tgz#5e6e2e1a4170543af30151b561a41f71db1d6f91"
  integrity sha512-fmL7V1eiDBFRRnu+gfRWTzyPpNIHJTc4mWnFkwBUmO9U3KPgJAmTx7oxi2bl/Rh6HLdU7+4C9wlj0k2E4AdKFQ==

which@^2.0.2:
  version "2.0.2"
  resolved "https://registry.yarnpkg.com/which/-/which-2.0.2.tgz#7c6a8dd0a636a0327e10b59c9286eee93f3f51b1"
  integrity sha512-BLI3Tl1TW3Pvl70l3yq3Y64i+awpwXqsGBYWkkqMtnbXgrMD+yj7rhW0kuEDxzJaYXGjEW5ogapKNMEKNMjibA==
  dependencies:
    isexe "^2.0.0"
